
Microsoft Visual Studio Solution File, Format Version 12.00
# Visual Studio 15
VisualStudioVersion = 15.0.27428.2015
MinimumVisualStudioVersion = 10.0.40219.1
Project("{FAE04EC0-301F-11D3-BF4B-00C04F79EFBC}") = "ReadDataFromExcel", "ReadDataFromExcel\ReadDataFromExcel.csproj", "{1DBF99A0-8AC3-46E3-86CA-F7ABCD928D56}"
EndProject
Global
	GlobalSection(SolutionConfigurationPlatforms) = preSolution
		Debug|Any CPU = Debug|Any CPU
		Release|Any CPU = Release|Any CPU
	EndGlobalSection
	GlobalSection(ProjectConfigurationPlatforms) = postSolution
		{1DBF99A0-8AC3-46E3-86CA-F7ABCD928D56}.Debug|Any CPU.ActiveCfg = Debug|Any CPU
		{1DBF99A0-8AC3-46E3-86CA-F7ABCD928D56}.Debug|Any CPU.Build.0 = Debug|Any CPU
		{1DBF99A0-8AC3-46E3-86CA-F7ABCD928D56}.Release|Any CPU.ActiveCfg = Release|Any CPU
		{1DBF99A0-8AC3-46E3-86CA-F7ABCD928D56}.Release|Any CPU.Build.0 = Release|Any CPU
	EndGlobalSection
	GlobalSection(SolutionProperties) = preSolution
		HideSolutionNode = FALSE
	EndGlobalSection
	GlobalSection(ExtensibilityGlobals) = postSolution
		SolutionGuid = {3A0AE24E-9E4D-42FC-BBFB-747BFC60A52C}
	EndGlobalSection
EndGlobal
